// !$*UTF8*$!
{
	archiveVersion = 1;
	classes = {
	};
	objectVersion = 46;
	objects = {

/* Begin PBXBuildFile section */
		7E0BE000149C060800AD8A42 /* NiftyTextViewDelegate.m in Sources */ = {isa = PBXBuildFile; fileRef = 7E0BDFFF149C060800AD8A42 /* NiftyTextViewDelegate.m */; };
		8412254A148AF22D00E9F9DE /* RegexKitLite.m in Sources */ = {isa = PBXBuildFile; fileRef = 84122549148AF22D00E9F9DE /* RegexKitLite.m */; };
		841E99C41483115100A27E1F /* Cocoa.framework in Frameworks */ = {isa = PBXBuildFile; fileRef = 841E99C31483115100A27E1F /* Cocoa.framework */; };
		841E99CE1483115100A27E1F /* InfoPlist.strings in Resources */ = {isa = PBXBuildFile; fileRef = 841E99CC1483115100A27E1F /* InfoPlist.strings */; };
		841E99D01483115100A27E1F /* main.m in Sources */ = {isa = PBXBuildFile; fileRef = 841E99CF1483115100A27E1F /* main.m */; };
		841E99D41483115100A27E1F /* Credits.rtf in Resources */ = {isa = PBXBuildFile; fileRef = 841E99D21483115100A27E1F /* Credits.rtf */; };
		841E99D71483115100A27E1F /* NiftyAppDelegate.m in Sources */ = {isa = PBXBuildFile; fileRef = 841E99D61483115100A27E1F /* NiftyAppDelegate.m */; };
		841E99E41483147000A27E1F /* minecraft_server.jar in Resources */ = {isa = PBXBuildFile; fileRef = 841E99E31483147000A27E1F /* minecraft_server.jar */; };
		846BE9DC148AE5D200890E44 /* Preferences.xib in Resources */ = {isa = PBXBuildFile; fileRef = 846BE9DA148AE5D200890E44 /* Preferences.xib */; };
		846BE9DF148AE9AA00890E44 /* bukkit.jar in Resources */ = {isa = PBXBuildFile; fileRef = 846BE9DE148AE9AA00890E44 /* bukkit.jar */; };
		846BE9E4148AEB0200890E44 /* MainMenu.xib in Resources */ = {isa = PBXBuildFile; fileRef = 846BE9E2148AEB0200890E44 /* MainMenu.xib */; };
/* End PBXBuildFile section */

/* Begin PBXFileReference section */
		7E0BDFFE149C060800AD8A42 /* NiftyTextViewDelegate.h */ = {isa = PBXFileReference; fileEncoding = 4; lastKnownFileType = sourcecode.c.h; path = NiftyTextViewDelegate.h; sourceTree = "<group>"; };
		7E0BDFFF149C060800AD8A42 /* NiftyTextViewDelegate.m */ = {isa = PBXFileReference; fileEncoding = 4; lastKnownFileType = sourcecode.c.objc; path = NiftyTextViewDelegate.m; sourceTree = "<group>"; };
		84122548148AF22D00E9F9DE /* RegexKitLite.h */ = {isa = PBXFileReference; fileEncoding = 4; lastKnownFileType = sourcecode.c.h; name = RegexKitLite.h; path = Nifty/RegexKitLite.h; sourceTree = "<group>"; };
		84122549148AF22D00E9F9DE /* RegexKitLite.m */ = {isa = PBXFileReference; fileEncoding = 4; lastKnownFileType = sourcecode.c.objc; name = RegexKitLite.m; path = Nifty/RegexKitLite.m; sourceTree = "<group>"; };
		841E99BF1483115100A27E1F /* Nifty.app */ = {isa = PBXFileReference; explicitFileType = wrapper.application; includeInIndex = 0; path = Nifty.app; sourceTree = BUILT_PRODUCTS_DIR; };
		841E99C31483115100A27E1F /* Cocoa.framework */ = {isa = PBXFileReference; lastKnownFileType = wrapper.framework; name = Cocoa.framework; path = System/Library/Frameworks/Cocoa.framework; sourceTree = SDKROOT; };
		841E99C61483115100A27E1F /* AppKit.framework */ = {isa = PBXFileReference; lastKnownFileType = wrapper.framework; name = AppKit.framework; path = System/Library/Frameworks/AppKit.framework; sourceTree = SDKROOT; };
		841E99C71483115100A27E1F /* CoreData.framework */ = {isa = PBXFileReference; lastKnownFileType = wrapper.framework; name = CoreData.framework; path = System/Library/Frameworks/CoreData.framework; sourceTree = SDKROOT; };
		841E99C81483115100A27E1F /* Foundation.framework */ = {isa = PBXFileReference; lastKnownFileType = wrapper.framework; name = Foundation.framework; path = System/Library/Frameworks/Foundation.framework; sourceTree = SDKROOT; };
		841E99CB1483115100A27E1F /* Nifty-Info.plist */ = {isa = PBXFileReference; lastKnownFileType = text.plist.xml; path = "Nifty-Info.plist"; sourceTree = "<group>"; };
		841E99CD1483115100A27E1F /* en */ = {isa = PBXFileReference; lastKnownFileType = text.plist.strings; name = en; path = en.lproj/InfoPlist.strings; sourceTree = "<group>"; };
		841E99CF1483115100A27E1F /* main.m */ = {isa = PBXFileReference; lastKnownFileType = sourcecode.c.objc; path = main.m; sourceTree = "<group>"; };
		841E99D11483115100A27E1F /* Nifty-Prefix.pch */ = {isa = PBXFileReference; lastKnownFileType = sourcecode.c.h; path = "Nifty-Prefix.pch"; sourceTree = "<group>"; };
		841E99D31483115100A27E1F /* en */ = {isa = PBXFileReference; lastKnownFileType = text.rtf; name = en; path = en.lproj/Credits.rtf; sourceTree = "<group>"; };
		841E99D51483115100A27E1F /* NiftyAppDelegate.h */ = {isa = PBXFileReference; lastKnownFileType = sourcecode.c.h; path = NiftyAppDelegate.h; sourceTree = "<group>"; };
		841E99D61483115100A27E1F /* NiftyAppDelegate.m */ = {isa = PBXFileReference; lastKnownFileType = sourcecode.c.objc; path = NiftyAppDelegate.m; sourceTree = "<group>"; };
		841E99E31483147000A27E1F /* minecraft_server.jar */ = {isa = PBXFileReference; lastKnownFileType = archive.jar; path = minecraft_server.jar; sourceTree = "<group>"; };
		846BE9DB148AE5D200890E44 /* en */ = {isa = PBXFileReference; lastKnownFileType = file.xib; name = en; path = en.lproj/Preferences.xib; sourceTree = "<group>"; };
		846BE9DE148AE9AA00890E44 /* bukkit.jar */ = {isa = PBXFileReference; lastKnownFileType = archive.jar; path = bukkit.jar; sourceTree = "<group>"; };
		846BE9E3148AEB0200890E44 /* en */ = {isa = PBXFileReference; lastKnownFileType = file.xib; name = en; path = Nifty/en.lproj/MainMenu.xib; sourceTree = "<group>"; };
/* End PBXFileReference section */

/* Begin PBXFrameworksBuildPhase section */
		841E99BC1483115000A27E1F /* Frameworks */ = {
			isa = PBXFrameworksBuildPhase;
			buildActionMask = 2147483647;
			files = (
				841E99C41483115100A27E1F /* Cocoa.framework in Frameworks */,
			);
			runOnlyForDeploymentPostprocessing = 0;
		};
/* End PBXFrameworksBuildPhase section */

/* Begin PBXGroup section */
		841E99B41483115000A27E1F = {
			isa = PBXGroup;
			children = (
				841E99C91483115100A27E1F /* Nifty */,
				841E99C21483115100A27E1F /* Frameworks */,
				841E99C01483115100A27E1F /* Products */,
			);
			sourceTree = "<group>";
		};
		841E99C01483115100A27E1F /* Products */ = {
			isa = PBXGroup;
			children = (
				841E99BF1483115100A27E1F /* Nifty.app */,
			);
			name = Products;
			sourceTree = "<group>";
		};
		841E99C21483115100A27E1F /* Frameworks */ = {
			isa = PBXGroup;
			children = (
				84122548148AF22D00E9F9DE /* RegexKitLite.h */,
				84122549148AF22D00E9F9DE /* RegexKitLite.m */,
				841E99C31483115100A27E1F /* Cocoa.framework */,
				841E99C51483115100A27E1F /* Other Frameworks */,
			);
			name = Frameworks;
			sourceTree = "<group>";
		};
		841E99C51483115100A27E1F /* Other Frameworks */ = {
			isa = PBXGroup;
			children = (
				841E99C61483115100A27E1F /* AppKit.framework */,
				841E99C71483115100A27E1F /* CoreData.framework */,
				841E99C81483115100A27E1F /* Foundation.framework */,
			);
			name = "Other Frameworks";
			sourceTree = "<group>";
		};
		841E99C91483115100A27E1F /* Nifty */ = {
			isa = PBXGroup;
			children = (
				841E99D51483115100A27E1F /* NiftyAppDelegate.h */,
				841E99D61483115100A27E1F /* NiftyAppDelegate.m */,
				7E0BDFFE149C060800AD8A42 /* NiftyTextViewDelegate.h */,
				7E0BDFFF149C060800AD8A42 /* NiftyTextViewDelegate.m */,
				846BE9E2148AEB0200890E44 /* MainMenu.xib */,
				846BE9DA148AE5D200890E44 /* Preferences.xib */,
				841E99CA1483115100A27E1F /* Supporting Files */,
			);
			path = Nifty;
			sourceTree = "<group>";
		};
		841E99CA1483115100A27E1F /* Supporting Files */ = {
			isa = PBXGroup;
			children = (
				841E99E31483147000A27E1F /* minecraft_server.jar */,
				846BE9DE148AE9AA00890E44 /* bukkit.jar */,
				841E99CB1483115100A27E1F /* Nifty-Info.plist */,
				841E99CC1483115100A27E1F /* InfoPlist.strings */,
				841E99CF1483115100A27E1F /* main.m */,
				841E99D11483115100A27E1F /* Nifty-Prefix.pch */,
				841E99D21483115100A27E1F /* Credits.rtf */,
			);
			name = "Supporting Files";
			sourceTree = "<group>";
		};
/* End PBXGroup section */

/* Begin PBXNativeTarget section */
		841E99BE1483115000A27E1F /* Nifty */ = {
			isa = PBXNativeTarget;
			buildConfigurationList = 841E99DD1483115100A27E1F /* Build configuration list for PBXNativeTarget "Nifty" */;
			buildPhases = (
				841E99BB1483115000A27E1F /* Sources */,
				841E99BC1483115000A27E1F /* Frameworks */,
				841E99BD1483115000A27E1F /* Resources */,
			);
			buildRules = (
			);
			dependencies = (
			);
			name = Nifty;
			productName = Nifty;
			productReference = 841E99BF1483115100A27E1F /* Nifty.app */;
			productType = "com.apple.product-type.application";
		};
/* End PBXNativeTarget section */

/* Begin PBXProject section */
		841E99B61483115000A27E1F /* Project object */ = {
			isa = PBXProject;
			attributes = {
				LastUpgradeCheck = 0410;
			};
			buildConfigurationList = 841E99B91483115000A27E1F /* Build configuration list for PBXProject "Nifty" */;
			compatibilityVersion = "Xcode 3.2";
			developmentRegion = English;
			hasScannedForEncodings = 0;
			knownRegions = (
				en,
			);
			mainGroup = 841E99B41483115000A27E1F;
			productRefGroup = 841E99C01483115100A27E1F /* Products */;
			projectDirPath = "";
			projectRoot = "";
			targets = (
				841E99BE1483115000A27E1F /* Nifty */,
			);
		};
/* End PBXProject section */

/* Begin PBXResourcesBuildPhase section */
		841E99BD1483115000A27E1F /* Resources */ = {
			isa = PBXResourcesBuildPhase;
			buildActionMask = 2147483647;
			files = (
				841E99E41483147000A27E1F /* minecraft_server.jar in Resources */,
				846BE9DF148AE9AA00890E44 /* bukkit.jar in Resources */,
				841E99CE1483115100A27E1F /* InfoPlist.strings in Resources */,
				841E99D41483115100A27E1F /* Credits.rtf in Resources */,
				846BE9DC148AE5D200890E44 /* Preferences.xib in Resources */,
				846BE9E4148AEB0200890E44 /* MainMenu.xib in Resources */,
			);
			runOnlyForDeploymentPostprocessing = 0;
		};
/* End PBXResourcesBuildPhase section */

/* Begin PBXSourcesBuildPhase section */
		841E99BB1483115000A27E1F /* Sources */ = {
			isa = PBXSourcesBuildPhase;
			buildActionMask = 2147483647;
			files = (
				841E99D01483115100A27E1F /* main.m in Sources */,
				841E99D71483115100A27E1F /* NiftyAppDelegate.m in Sources */,
				8412254A148AF22D00E9F9DE /* RegexKitLite.m in Sources */,
				7E0BE000149C060800AD8A42 /* NiftyTextViewDelegate.m in Sources */,
			);
			runOnlyForDeploymentPostprocessing = 0;
		};
/* End PBXSourcesBuildPhase section */

/* Begin PBXVariantGroup section */
		841E99CC1483115100A27E1F /* InfoPlist.strings */ = {
			isa = PBXVariantGroup;
			children = (
				841E99CD1483115100A27E1F /* en */,
			);
			name = InfoPlist.strings;
			sourceTree = "<group>";
		};
		841E99D21483115100A27E1F /* Credits.rtf */ = {
			isa = PBXVariantGroup;
			children = (
				841E99D31483115100A27E1F /* en */,
			);
			name = Credits.rtf;
			sourceTree = "<group>";
		};
		846BE9DA148AE5D200890E44 /* Preferences.xib */ = {
			isa = PBXVariantGroup;
			children = (
				846BE9DB148AE5D200890E44 /* en */,
			);
			name = Preferences.xib;
			sourceTree = "<group>";
		};
		846BE9E2148AEB0200890E44 /* MainMenu.xib */ = {
			isa = PBXVariantGroup;
			children = (
				846BE9E3148AEB0200890E44 /* en */,
			);
			name = MainMenu.xib;
			path = ..;
			sourceTree = "<group>";
		};
/* End PBXVariantGroup section */

/* Begin XCBuildConfiguration section */
		841E99DB1483115100A27E1F /* Debug */ = {
			isa = XCBuildConfiguration;
			buildSettings = {
				ALWAYS_SEARCH_USER_PATHS = NO;
				ARCHS = "$(ARCHS_STANDARD_32_64_BIT)";
				COPY_PHASE_STRIP = NO;
				GCC_C_LANGUAGE_STANDARD = gnu99;
				GCC_DYNAMIC_NO_PIC = NO;
				GCC_ENABLE_OBJC_EXCEPTIONS = YES;
				GCC_OPTIMIZATION_LEVEL = 0;
				GCC_PREPROCESSOR_DEFINITIONS = (
					"DEBUG=1",
					"$(inherited)",
				);
				GCC_SYMBOLS_PRIVATE_EXTERN = NO;
				GCC_VERSION = com.apple.compilers.llvm.clang.1_0;
				GCC_WARN_64_TO_32_BIT_CONVERSION = YES;
				GCC_WARN_ABOUT_MISSING_PROTOTYPES = YES;
				GCC_WARN_ABOUT_RETURN_TYPE = YES;
				GCC_WARN_UNUSED_VARIABLE = YES;
				MACOSX_DEPLOYMENT_TARGET = 10.6;
				ONLY_ACTIVE_ARCH = YES;
				SDKROOT = macosx10.6;
			};
			name = Debug;
		};
		841E99DC1483115100A27E1F /* Release */ = {
			isa = XCBuildConfiguration;
			buildSettings = {
				ALWAYS_SEARCH_USER_PATHS = NO;
				ARCHS = "$(ARCHS_STANDARD_32_64_BIT)";
				COPY_PHASE_STRIP = YES;
				DEBUG_INFORMATION_FORMAT = "dwarf-with-dsym";
				GCC_C_LANGUAGE_STANDARD = gnu99;
				GCC_ENABLE_OBJC_EXCEPTIONS = YES;
				GCC_VERSION = com.apple.compilers.llvm.clang.1_0;
				GCC_WARN_64_TO_32_BIT_CONVERSION = YES;
				GCC_WARN_ABOUT_MISSING_PROTOTYPES = YES;
				GCC_WARN_ABOUT_RETURN_TYPE = YES;
				GCC_WARN_UNUSED_VARIABLE = YES;
				MACOSX_DEPLOYMENT_TARGET = 10.6;
				SDKROOT = macosx10.6;
			};
			name = Release;
		};
		841E99DE1483115100A27E1F /* Debug */ = {
			isa = XCBuildConfiguration;
			buildSettings = {
				ARCHS = "$(ARCHS_STANDARD_32_64_BIT)";
				GCC_PRECOMPILE_PREFIX_HEADER = YES;
				GCC_PREFIX_HEADER = "Nifty/Nifty-Prefix.pch";
				INFOPLIST_FILE = "Nifty/Nifty-Info.plist";
				MACOSX_DEPLOYMENT_TARGET = 10.6;
				OTHER_LDFLAGS = "-licucore";
				PRODUCT_NAME = "$(TARGET_NAME)";
				SDKROOT = "";
				WRAPPER_EXTENSION = app;
			};
			name = Debug;
		};
		841E99DF1483115100A27E1F /* Release */ = {
			isa = XCBuildConfiguration;
			buildSettings = {
				GCC_PRECOMPILE_PREFIX_HEADER = YES;
				GCC_PREFIX_HEADER = "Nifty/Nifty-Prefix.pch";
				INFOPLIST_FILE = "Nifty/Nifty-Info.plist";
				OTHER_LDFLAGS = "-licucore";
				PRODUCT_NAME = "$(TARGET_NAME)";
				SDKROOT = macosx10.7;
				WRAPPER_EXTENSION = app;
			};
			name = Release;
		};
/* End XCBuildConfiguration section */

/* Begin XCConfigurationList section */
		841E99B91483115000A27E1F /* Build configuration list for PBXProject "Nifty" */ = {
			isa = XCConfigurationList;
			buildConfigurations = (
				841E99DB1483115100A27E1F /* Debug */,
				841E99DC1483115100A27E1F /* Release */,
			);
			defaultConfigurationIsVisible = 0;
			defaultConfigurationName = Release;
		};
		841E99DD1483115100A27E1F /* Build configuration list for PBXNativeTarget "Nifty" */ = {
			isa = XCConfigurationList;
			buildConfigurations = (
				841E99DE1483115100A27E1F /* Debug */,
				841E99DF1483115100A27E1F /* Release */,
			);
			defaultConfigurationIsVisible = 0;
			defaultConfigurationName = Release;
		};
/* End XCConfigurationList section */
	};
	rootObject = 841E99B61483115000A27E1F /* Project object */;
}
